# THIS IS AN AUTOGENERATED FILE. DO NOT EDIT THIS FILE DIRECTLY.
# yarn lockfile v1


axe-core@^4.5.2:
  version "4.5.2"
  resolved "https://registry.yarnpkg.com/axe-core/-/axe-core-4.5.2.tgz#823fdf491ff717ac3c58a52631d4206930c1d9f7"
  integrity sha512-u2MVsXfew5HBvjsczCv+xlwdNnB1oQR9HlAcsejZttNjKKSkeDNVwB1vMThIUIFI9GoT57Vtk8iQLwqOfAkboA==
